
Microsoft Visual Studio Solution File, Format Version 12.00
# Visual Studio Version 16
VisualStudioVersion = 16.0.30225.117
MinimumVisualStudioVersion = 10.0.40219.1
Project("{2150E333-8FDC-42A3-9474-1A3956D46DE8}") = "Microservices", "Microservices", "{0716584C-9A3D-4067-8C76-9CF42CB5E4F3}"
EndProject
Project("{2150E333-8FDC-42A3-9474-1A3956D46DE8}") = "Domain", "Domain", "{812B499F-A67F-4984-91F2-32085CC43634}"
EndProject
Project("{2150E333-8FDC-42A3-9474-1A3956D46DE8}") = "Infra.Bus", "Infra.Bus", "{0F0BF3BC-6924-43B4-A4D6-16A28F7B918F}"
EndProject
Project("{2150E333-8FDC-42A3-9474-1A3956D46DE8}") = "Infra.IoC", "Infra.IoC", "{C153388F-F2C6-4186-BCE2-49BF653FCFDB}"
EndProject
Project("{2150E333-8FDC-42A3-9474-1A3956D46DE8}") = "Presentation", "Presentation", "{F748942E-3506-44C3-86CC-7E94F02A243D}"
EndProject
Project("{9A19103F-16F7-4668-BE54-9A1E7A4F7556}") = "MicroRabbit.Domain.Core", "MicroRabbit.Domain.Core\MicroRabbit.Domain.Core.csproj", "{7D863811-6C0B-49C3-ABCA-517CAB72CE96}"
EndProject
Project("{9A19103F-16F7-4668-BE54-9A1E7A4F7556}") = "MicroRabbit.Infra.Bus", "MicroRabbit.Infra.Bus\MicroRabbit.Infra.Bus.csproj", "{4D6D2A78-0532-40F4-A7D0-39B1520F8434}"
EndProject
Project("{FAE04EC0-301F-11D3-BF4B-00C04F79EFBC}") = "MicroRabbit.Infra.IoC", "MicroRabbit.Infra.IoC\MicroRabbit.Infra.IoC.csproj", "{8D79FB9F-3C71-4240-BE03-D5AB5043DF36}"
EndProject
Project("{2150E333-8FDC-42A3-9474-1A3956D46DE8}") = "Banking", "Banking", "{C25FF1FB-B83F-468E-B3EE-9BEDD7F2D4D9}"
EndProject
Project("{2150E333-8FDC-42A3-9474-1A3956D46DE8}") = "Api", "Api", "{41B52023-3686-4201-BAC3-8D9F5773B265}"
EndProject
Project("{2150E333-8FDC-42A3-9474-1A3956D46DE8}") = "Domain", "Domain", "{1608332E-991F-4BEA-8921-728BC919178F}"
EndProject
Project("{2150E333-8FDC-42A3-9474-1A3956D46DE8}") = "Application", "Application", "{DEDA1D33-15A6-49F0-8A85-0AD1B6C4A30A}"
EndProject
Project("{2150E333-8FDC-42A3-9474-1A3956D46DE8}") = "Data", "Data", "{B077AC3A-59BB-45B8-BE7F-F8ECF4E9302C}"
EndProject
Project("{FAE04EC0-301F-11D3-BF4B-00C04F79EFBC}") = "MicroRabbit.Banking.Api", "MicroRabbit.Banking.Api\MicroRabbit.Banking.Api.csproj", "{53BC19FA-1DC8-4D72-A4D6-DB11E5239DD2}"
EndProject
Project("{FAE04EC0-301F-11D3-BF4B-00C04F79EFBC}") = "MicroRabbit.Banking.Application", "MicroRabbit.Banking.Application\MicroRabbit.Banking.Application.csproj", "{DEF3E01F-7D71-48E9-AB61-A4CC2663547B}"
EndProject
Project("{FAE04EC0-301F-11D3-BF4B-00C04F79EFBC}") = "MiroRabbit.Banking.Data", "MiroRabbit.Banking.Data\MiroRabbit.Banking.Data.csproj", "{3F0A496C-C9FA-4066-9068-8053A038B9AB}"
EndProject
Project("{FAE04EC0-301F-11D3-BF4B-00C04F79EFBC}") = "MicroRabbit.Banking.Domain", "MicroRabbit.Banking.Domain\MicroRabbit.Banking.Domain.csproj", "{5624FDD7-D8E7-4B19-9D1C-7E618C588E15}"
EndProject
Global
	GlobalSection(SolutionConfigurationPlatforms) = preSolution
		Debug|Any CPU = Debug|Any CPU
		Release|Any CPU = Release|Any CPU
	EndGlobalSection
	GlobalSection(ProjectConfigurationPlatforms) = postSolution
		{7D863811-6C0B-49C3-ABCA-517CAB72CE96}.Debug|Any CPU.ActiveCfg = Debug|Any CPU
		{7D863811-6C0B-49C3-ABCA-517CAB72CE96}.Debug|Any CPU.Build.0 = Debug|Any CPU
		{7D863811-6C0B-49C3-ABCA-517CAB72CE96}.Release|Any CPU.ActiveCfg = Release|Any CPU
		{7D863811-6C0B-49C3-ABCA-517CAB72CE96}.Release|Any CPU.Build.0 = Release|Any CPU
		{4D6D2A78-0532-40F4-A7D0-39B1520F8434}.Debug|Any CPU.ActiveCfg = Debug|Any CPU
		{4D6D2A78-0532-40F4-A7D0-39B1520F8434}.Debug|Any CPU.Build.0 = Debug|Any CPU
		{4D6D2A78-0532-40F4-A7D0-39B1520F8434}.Release|Any CPU.ActiveCfg = Release|Any CPU
		{4D6D2A78-0532-40F4-A7D0-39B1520F8434}.Release|Any CPU.Build.0 = Release|Any CPU
		{8D79FB9F-3C71-4240-BE03-D5AB5043DF36}.Debug|Any CPU.ActiveCfg = Debug|Any CPU
		{8D79FB9F-3C71-4240-BE03-D5AB5043DF36}.Debug|Any CPU.Build.0 = Debug|Any CPU
		{8D79FB9F-3C71-4240-BE03-D5AB5043DF36}.Release|Any CPU.ActiveCfg = Release|Any CPU
		{8D79FB9F-3C71-4240-BE03-D5AB5043DF36}.Release|Any CPU.Build.0 = Release|Any CPU
		{53BC19FA-1DC8-4D72-A4D6-DB11E5239DD2}.Debug|Any CPU.ActiveCfg = Debug|Any CPU
		{53BC19FA-1DC8-4D72-A4D6-DB11E5239DD2}.Debug|Any CPU.Build.0 = Debug|Any CPU
		{53BC19FA-1DC8-4D72-A4D6-DB11E5239DD2}.Release|Any CPU.ActiveCfg = Release|Any CPU
		{53BC19FA-1DC8-4D72-A4D6-DB11E5239DD2}.Release|Any CPU.Build.0 = Release|Any CPU
		{DEF3E01F-7D71-48E9-AB61-A4CC2663547B}.Debug|Any CPU.ActiveCfg = Debug|Any CPU
		{DEF3E01F-7D71-48E9-AB61-A4CC2663547B}.Debug|Any CPU.Build.0 = Debug|Any CPU
		{DEF3E01F-7D71-48E9-AB61-A4CC2663547B}.Release|Any CPU.ActiveCfg = Release|Any CPU
		{DEF3E01F-7D71-48E9-AB61-A4CC2663547B}.Release|Any CPU.Build.0 = Release|Any CPU
		{3F0A496C-C9FA-4066-9068-8053A038B9AB}.Debug|Any CPU.ActiveCfg = Debug|Any CPU
		{3F0A496C-C9FA-4066-9068-8053A038B9AB}.Debug|Any CPU.Build.0 = Debug|Any CPU
		{3F0A496C-C9FA-4066-9068-8053A038B9AB}.Release|Any CPU.ActiveCfg = Release|Any CPU
		{3F0A496C-C9FA-4066-9068-8053A038B9AB}.Release|Any CPU.Build.0 = Release|Any CPU
		{5624FDD7-D8E7-4B19-9D1C-7E618C588E15}.Debug|Any CPU.ActiveCfg = Debug|Any CPU
		{5624FDD7-D8E7-4B19-9D1C-7E618C588E15}.Debug|Any CPU.Build.0 = Debug|Any CPU
		{5624FDD7-D8E7-4B19-9D1C-7E618C588E15}.Release|Any CPU.ActiveCfg = Release|Any CPU
		{5624FDD7-D8E7-4B19-9D1C-7E618C588E15}.Release|Any CPU.Build.0 = Release|Any CPU
	EndGlobalSection
	GlobalSection(SolutionProperties) = preSolution
		HideSolutionNode = FALSE
	EndGlobalSection
	GlobalSection(NestedProjects) = preSolution
		{7D863811-6C0B-49C3-ABCA-517CAB72CE96} = {812B499F-A67F-4984-91F2-32085CC43634}
		{4D6D2A78-0532-40F4-A7D0-39B1520F8434} = {0F0BF3BC-6924-43B4-A4D6-16A28F7B918F}
		{8D79FB9F-3C71-4240-BE03-D5AB5043DF36} = {C153388F-F2C6-4186-BCE2-49BF653FCFDB}
		{C25FF1FB-B83F-468E-B3EE-9BEDD7F2D4D9} = {0716584C-9A3D-4067-8C76-9CF42CB5E4F3}
		{41B52023-3686-4201-BAC3-8D9F5773B265} = {C25FF1FB-B83F-468E-B3EE-9BEDD7F2D4D9}
		{1608332E-991F-4BEA-8921-728BC919178F} = {C25FF1FB-B83F-468E-B3EE-9BEDD7F2D4D9}
		{DEDA1D33-15A6-49F0-8A85-0AD1B6C4A30A} = {C25FF1FB-B83F-468E-B3EE-9BEDD7F2D4D9}
		{B077AC3A-59BB-45B8-BE7F-F8ECF4E9302C} = {C25FF1FB-B83F-468E-B3EE-9BEDD7F2D4D9}
		{53BC19FA-1DC8-4D72-A4D6-DB11E5239DD2} = {41B52023-3686-4201-BAC3-8D9F5773B265}
		{DEF3E01F-7D71-48E9-AB61-A4CC2663547B} = {DEDA1D33-15A6-49F0-8A85-0AD1B6C4A30A}
		{3F0A496C-C9FA-4066-9068-8053A038B9AB} = {B077AC3A-59BB-45B8-BE7F-F8ECF4E9302C}
		{5624FDD7-D8E7-4B19-9D1C-7E618C588E15} = {1608332E-991F-4BEA-8921-728BC919178F}
	EndGlobalSection
	GlobalSection(ExtensibilityGlobals) = postSolution
		SolutionGuid = {AA52E57B-EA70-4142-9AF1-00DBF2336373}
	EndGlobalSection
EndGlobal
